
Microsoft Visual Studio Solution File, Format Version 12.00
# Visual Studio Version 17
VisualStudioVersion = 17.13.35919.96 d17.13
MinimumVisualStudioVersion = 10.0.40219.1
Project("{FAE04EC0-301F-11D3-BF4B-00C04F79EFBC}") = "Group69", "Group69\Group69.csproj", "{625CD5E7-CD23-4004-ADC1-CBCDC7BF3B28}"
EndProject
Global
	GlobalSection(SolutionConfigurationPlatforms) = preSolution
		Debug|Any CPU = Debug|Any CPU
		Release|Any CPU = Release|Any CPU
	EndGlobalSection
	GlobalSection(ProjectConfigurationPlatforms) = postSolution
		{625CD5E7-CD23-4004-ADC1-CBCDC7BF3B28}.Debug|Any CPU.ActiveCfg = Debug|Any CPU
		{625CD5E7-CD23-4004-ADC1-CBCDC7BF3B28}.Debug|Any CPU.Build.0 = Debug|Any CPU
		{625CD5E7-CD23-4004-ADC1-CBCDC7BF3B28}.Release|Any CPU.ActiveCfg = Release|Any CPU
		{625CD5E7-CD23-4004-ADC1-CBCDC7BF3B28}.Release|Any CPU.Build.0 = Release|Any CPU
	EndGlobalSection
	GlobalSection(SolutionProperties) = preSolution
		HideSolutionNode = FALSE
	EndGlobalSection
	GlobalSection(ExtensibilityGlobals) = postSolution
		SolutionGuid = {CBF34D66-2D29-49C1-A718-5B6E6A6CA9E7}
	EndGlobalSection
EndGlobal
